
Microsoft Visual Studio Solution File, Format Version 12.00
# Visual Studio Version 17
VisualStudioVersion = 17.2.32616.157
MinimumVisualStudioVersion = 10.0.40219.1
Project("{FAE04EC0-301F-11D3-BF4B-00C04F79EFBC}") = "EverythingToolbar", "EverythingToolbar\EverythingToolbar.csproj", "{C8BB766A-D7BC-47F5-A0E7-D3225DD1F469}"
	ProjectSection(ProjectDependencies) = postProject
		{BF806AC1-5839-4DAA-90F2-9D6F2B65C0FD} = {BF806AC1-5839-4DAA-90F2-9D6F2B65C0FD}
	EndProjectSection
EndProject
Project("{930C7802-8A8C-48F9-8165-68863BCCD9DD}") = "EverythingToolbar.Installer", "EverythingToolbar.Installer\EverythingToolbar.Installer.wixproj", "{3A32975A-714F-408F-828A-04F5119EC1AB}"
	ProjectSection(ProjectDependencies) = postProject
		{C8BB766A-D7BC-47F5-A0E7-D3225DD1F469} = {C8BB766A-D7BC-47F5-A0E7-D3225DD1F469}
		{FC46FED2-0B98-497F-8F88-037A0780ACF2} = {FC46FED2-0B98-497F-8F88-037A0780ACF2}
		{BF806AC1-5839-4DAA-90F2-9D6F2B65C0FD} = {BF806AC1-5839-4DAA-90F2-9D6F2B65C0FD}
		{C3F92B04-FFA3-40DE-A64A-00019C5A8852} = {C3F92B04-FFA3-40DE-A64A-00019C5A8852}
	EndProjectSection
EndProject
Project("{FAE04EC0-301F-11D3-BF4B-00C04F79EFBC}") = "EverythingToolbar.Launcher", "EverythingToolbar.Launcher\EverythingToolbar.Launcher.csproj", "{FC46FED2-0B98-497F-8F88-037A0780ACF2}"
	ProjectSection(ProjectDependencies) = postProject
		{BF806AC1-5839-4DAA-90F2-9D6F2B65C0FD} = {BF806AC1-5839-4DAA-90F2-9D6F2B65C0FD}
	EndProjectSection
EndProject
Project("{8BC9CEB8-8B4A-11D0-8D11-00A0C91BC942}") = "EverythingSDK", "EverythingSDK\EverythingSDK.vcxproj", "{BF806AC1-5839-4DAA-90F2-9D6F2B65C0FD}"
EndProject
Project("{FAE04EC0-301F-11D3-BF4B-00C04F79EFBC}") = "EverythingToolbar.Deskband", "EverythingToolbar.Deskband\EverythingToolbar.Deskband.csproj", "{C3F92B04-FFA3-40DE-A64A-00019C5A8852}"
	ProjectSection(ProjectDependencies) = postProject
		{BF806AC1-5839-4DAA-90F2-9D6F2B65C0FD} = {BF806AC1-5839-4DAA-90F2-9D6F2B65C0FD}
	EndProjectSection
EndProject
Global
	GlobalSection(SolutionConfigurationPlatforms) = preSolution
		Debug|Any CPU = Debug|Any CPU
		Release|Any CPU = Release|Any CPU
	EndGlobalSection
	GlobalSection(ProjectConfigurationPlatforms) = postSolution
		{C8BB766A-D7BC-47F5-A0E7-D3225DD1F469}.Debug|Any CPU.ActiveCfg = Debug|Any CPU
		{C8BB766A-D7BC-47F5-A0E7-D3225DD1F469}.Debug|Any CPU.Build.0 = Debug|Any CPU
		{C8BB766A-D7BC-47F5-A0E7-D3225DD1F469}.Release|Any CPU.ActiveCfg = Release|Any CPU
		{C8BB766A-D7BC-47F5-A0E7-D3225DD1F469}.Release|Any CPU.Build.0 = Release|Any CPU
		{3A32975A-714F-408F-828A-04F5119EC1AB}.Debug|Any CPU.ActiveCfg = Debug|x86
		{3A32975A-714F-408F-828A-04F5119EC1AB}.Debug|Any CPU.Build.0 = Debug|x86
		{3A32975A-714F-408F-828A-04F5119EC1AB}.Release|Any CPU.ActiveCfg = Release|x86
		{FC46FED2-0B98-497F-8F88-037A0780ACF2}.Debug|Any CPU.ActiveCfg = Debug|Any CPU
		{FC46FED2-0B98-497F-8F88-037A0780ACF2}.Debug|Any CPU.Build.0 = Debug|Any CPU
		{FC46FED2-0B98-497F-8F88-037A0780ACF2}.Release|Any CPU.ActiveCfg = Release|Any CPU
		{FC46FED2-0B98-497F-8F88-037A0780ACF2}.Release|Any CPU.Build.0 = Release|Any CPU
		{BF806AC1-5839-4DAA-90F2-9D6F2B65C0FD}.Debug|Any CPU.ActiveCfg = Debug|x64
		{BF806AC1-5839-4DAA-90F2-9D6F2B65C0FD}.Debug|Any CPU.Build.0 = Debug|x64
		{BF806AC1-5839-4DAA-90F2-9D6F2B65C0FD}.Release|Any CPU.ActiveCfg = Release|x64
		{BF806AC1-5839-4DAA-90F2-9D6F2B65C0FD}.Release|Any CPU.Build.0 = Release|x64
		{C3F92B04-FFA3-40DE-A64A-00019C5A8852}.Debug|Any CPU.ActiveCfg = Debug|Any CPU
		{C3F92B04-FFA3-40DE-A64A-00019C5A8852}.Debug|Any CPU.Build.0 = Debug|Any CPU
		{C3F92B04-FFA3-40DE-A64A-00019C5A8852}.Release|Any CPU.ActiveCfg = Release|Any CPU
		{C3F92B04-FFA3-40DE-A64A-00019C5A8852}.Release|Any CPU.Build.0 = Release|Any CPU
	EndGlobalSection
	GlobalSection(SolutionProperties) = preSolution
		HideSolutionNode = FALSE
	EndGlobalSection
	GlobalSection(ExtensibilityGlobals) = postSolution
		SolutionGuid = {609810BC-F3AE-4F4E-81F0-FD377F04734C}
	EndGlobalSection
EndGlobal
