
Microsoft Visual Studio Solution File, Format Version 12.00
# Visual Studio Version 17
VisualStudioVersion = 17.2.32616.157
MinimumVisualStudioVersion = 10.0.40219.1
Project("{9A19103F-16F7-4668-BE54-9A1E7A4F7556}") = "EverythingToolbar", "EverythingToolbar\EverythingToolbar.csproj", "{C8BB766A-D7BC-47F5-A0E7-D3225DD1F469}"
	ProjectSection(ProjectDependencies) = postProject
		{BF806AC1-5839-4DAA-90F2-9D6F2B65C0FD} = {BF806AC1-5839-4DAA-90F2-9D6F2B65C0FD}
	EndProjectSection
EndProject
Project("{9A19103F-16F7-4668-BE54-9A1E7A4F7556}") = "EverythingToolbar.Launcher", "EverythingToolbar.Launcher\EverythingToolbar.Launcher.csproj", "{FC46FED2-0B98-497F-8F88-037A0780ACF2}"
	ProjectSection(ProjectDependencies) = postProject
		{BF806AC1-5839-4DAA-90F2-9D6F2B65C0FD} = {BF806AC1-5839-4DAA-90F2-9D6F2B65C0FD}
	EndProjectSection
EndProject
Project("{8BC9CEB8-8B4A-11D0-8D11-00A0C91BC942}") = "EverythingSDK", "EverythingSDK\EverythingSDK.vcxproj", "{BF806AC1-5839-4DAA-90F2-9D6F2B65C0FD}"
EndProject
Project("{9A19103F-16F7-4668-BE54-9A1E7A4F7556}") = "EverythingToolbar.Deskband", "EverythingToolbar.Deskband\EverythingToolbar.Deskband.csproj", "{C3F92B04-FFA3-40DE-A64A-00019C5A8852}"
	ProjectSection(ProjectDependencies) = postProject
		{BF806AC1-5839-4DAA-90F2-9D6F2B65C0FD} = {BF806AC1-5839-4DAA-90F2-9D6F2B65C0FD}
	EndProjectSection
EndProject
Project("{FAE04EC0-301F-11D3-BF4B-00C04F79EFBC}") = "EverythingToolbar.Core", "EverythingToolbar.Core\EverythingToolbar.Core.csproj", "{03BE40EC-2091-40B7-ABF5-20BE5D6311C9}"
EndProject
Project("{FAE04EC0-301F-11D3-BF4B-00C04F79EFBC}") = "EverythingToolbar.Platform", "EverythingToolbar.Platform\EverythingToolbar.Platform.csproj", "{2219D4B4-BEBA-4C2F-BCC0-A3B86C35D6AC}"
EndProject
Project("{FAE04EC0-301F-11D3-BF4B-00C04F79EFBC}") = "EverythingToolbar.App", "EverythingToolbar.App\EverythingToolbar.App.csproj", "{22005E54-69C5-4F80-8B33-0682C546B8B5}"
EndProject
Global
	GlobalSection(SolutionConfigurationPlatforms) = preSolution
		Debug|x64 = Debug|x64
		Debug|ARM64 = Debug|ARM64
		Debug|Any CPU = Debug|Any CPU
		Debug|x86 = Debug|x86
		Release|x64 = Release|x64
		Release|ARM64 = Release|ARM64
		Release|Any CPU = Release|Any CPU
		Release|x86 = Release|x86
	EndGlobalSection
	GlobalSection(ProjectConfigurationPlatforms) = postSolution
		{C8BB766A-D7BC-47F5-A0E7-D3225DD1F469}.Debug|x64.ActiveCfg = Debug|x64
		{C8BB766A-D7BC-47F5-A0E7-D3225DD1F469}.Debug|x64.Build.0 = Debug|x64
		{C8BB766A-D7BC-47F5-A0E7-D3225DD1F469}.Debug|ARM64.ActiveCfg = Debug|ARM64
		{C8BB766A-D7BC-47F5-A0E7-D3225DD1F469}.Debug|ARM64.Build.0 = Debug|ARM64
		{C8BB766A-D7BC-47F5-A0E7-D3225DD1F469}.Debug|Any CPU.ActiveCfg = Debug|Any CPU
		{C8BB766A-D7BC-47F5-A0E7-D3225DD1F469}.Debug|Any CPU.Build.0 = Debug|Any CPU
		{C8BB766A-D7BC-47F5-A0E7-D3225DD1F469}.Debug|x86.ActiveCfg = Debug|Any CPU
		{C8BB766A-D7BC-47F5-A0E7-D3225DD1F469}.Debug|x86.Build.0 = Debug|Any CPU
		{C8BB766A-D7BC-47F5-A0E7-D3225DD1F469}.Release|x64.ActiveCfg = Release|x64
		{C8BB766A-D7BC-47F5-A0E7-D3225DD1F469}.Release|x64.Build.0 = Release|x64
		{C8BB766A-D7BC-47F5-A0E7-D3225DD1F469}.Release|ARM64.ActiveCfg = Release|ARM64
		{C8BB766A-D7BC-47F5-A0E7-D3225DD1F469}.Release|ARM64.Build.0 = Release|ARM64
		{C8BB766A-D7BC-47F5-A0E7-D3225DD1F469}.Release|Any CPU.ActiveCfg = Release|Any CPU
		{C8BB766A-D7BC-47F5-A0E7-D3225DD1F469}.Release|Any CPU.Build.0 = Release|Any CPU
		{C8BB766A-D7BC-47F5-A0E7-D3225DD1F469}.Release|x86.ActiveCfg = Release|Any CPU
		{C8BB766A-D7BC-47F5-A0E7-D3225DD1F469}.Release|x86.Build.0 = Release|Any CPU
		{FC46FED2-0B98-497F-8F88-037A0780ACF2}.Debug|x64.ActiveCfg = Debug|x64
		{FC46FED2-0B98-497F-8F88-037A0780ACF2}.Debug|x64.Build.0 = Debug|x64
		{FC46FED2-0B98-497F-8F88-037A0780ACF2}.Debug|ARM64.ActiveCfg = Debug|ARM64
		{FC46FED2-0B98-497F-8F88-037A0780ACF2}.Debug|ARM64.Build.0 = Debug|ARM64
		{FC46FED2-0B98-497F-8F88-037A0780ACF2}.Debug|Any CPU.ActiveCfg = Debug|Any CPU
		{FC46FED2-0B98-497F-8F88-037A0780ACF2}.Debug|Any CPU.Build.0 = Debug|Any CPU
		{FC46FED2-0B98-497F-8F88-037A0780ACF2}.Debug|x86.ActiveCfg = Debug|Any CPU
		{FC46FED2-0B98-497F-8F88-037A0780ACF2}.Debug|x86.Build.0 = Debug|Any CPU
		{FC46FED2-0B98-497F-8F88-037A0780ACF2}.Release|x64.ActiveCfg = Release|x64
		{FC46FED2-0B98-497F-8F88-037A0780ACF2}.Release|x64.Build.0 = Release|x64
		{FC46FED2-0B98-497F-8F88-037A0780ACF2}.Release|ARM64.ActiveCfg = Release|ARM64
		{FC46FED2-0B98-497F-8F88-037A0780ACF2}.Release|ARM64.Build.0 = Release|ARM64
		{FC46FED2-0B98-497F-8F88-037A0780ACF2}.Release|Any CPU.ActiveCfg = Release|Any CPU
		{FC46FED2-0B98-497F-8F88-037A0780ACF2}.Release|Any CPU.Build.0 = Release|Any CPU
		{FC46FED2-0B98-497F-8F88-037A0780ACF2}.Release|x86.ActiveCfg = Release|Any CPU
		{FC46FED2-0B98-497F-8F88-037A0780ACF2}.Release|x86.Build.0 = Release|Any CPU
		{BF806AC1-5839-4DAA-90F2-9D6F2B65C0FD}.Debug|x64.ActiveCfg = Debug|x64
		{BF806AC1-5839-4DAA-90F2-9D6F2B65C0FD}.Debug|x64.Build.0 = Debug|x64
		{BF806AC1-5839-4DAA-90F2-9D6F2B65C0FD}.Debug|ARM64.ActiveCfg = Debug|ARM64
		{BF806AC1-5839-4DAA-90F2-9D6F2B65C0FD}.Debug|ARM64.Build.0 = Debug|ARM64
		{BF806AC1-5839-4DAA-90F2-9D6F2B65C0FD}.Debug|Any CPU.ActiveCfg = Debug|x64
		{BF806AC1-5839-4DAA-90F2-9D6F2B65C0FD}.Debug|Any CPU.Build.0 = Debug|x64
		{BF806AC1-5839-4DAA-90F2-9D6F2B65C0FD}.Debug|x86.ActiveCfg = Debug|Win32
		{BF806AC1-5839-4DAA-90F2-9D6F2B65C0FD}.Debug|x86.Build.0 = Debug|Win32
		{BF806AC1-5839-4DAA-90F2-9D6F2B65C0FD}.Release|x64.ActiveCfg = Release|x64
		{BF806AC1-5839-4DAA-90F2-9D6F2B65C0FD}.Release|x64.Build.0 = Release|x64
		{BF806AC1-5839-4DAA-90F2-9D6F2B65C0FD}.Release|ARM64.ActiveCfg = Release|ARM64
		{BF806AC1-5839-4DAA-90F2-9D6F2B65C0FD}.Release|ARM64.Build.0 = Release|ARM64
		{BF806AC1-5839-4DAA-90F2-9D6F2B65C0FD}.Release|Any CPU.ActiveCfg = Release|x64
		{BF806AC1-5839-4DAA-90F2-9D6F2B65C0FD}.Release|Any CPU.Build.0 = Release|x64
		{BF806AC1-5839-4DAA-90F2-9D6F2B65C0FD}.Release|x86.ActiveCfg = Release|Win32
		{BF806AC1-5839-4DAA-90F2-9D6F2B65C0FD}.Release|x86.Build.0 = Release|Win32
		{C3F92B04-FFA3-40DE-A64A-00019C5A8852}.Debug|x64.ActiveCfg = Debug|x64
		{C3F92B04-FFA3-40DE-A64A-00019C5A8852}.Debug|x64.Build.0 = Debug|x64
		{C3F92B04-FFA3-40DE-A64A-00019C5A8852}.Debug|ARM64.ActiveCfg = Debug|ARM64
		{C3F92B04-FFA3-40DE-A64A-00019C5A8852}.Debug|ARM64.Build.0 = Debug|ARM64
		{C3F92B04-FFA3-40DE-A64A-00019C5A8852}.Debug|Any CPU.ActiveCfg = Debug|Any CPU
		{C3F92B04-FFA3-40DE-A64A-00019C5A8852}.Debug|Any CPU.Build.0 = Debug|Any CPU
		{C3F92B04-FFA3-40DE-A64A-00019C5A8852}.Debug|x86.ActiveCfg = Debug|Any CPU
		{C3F92B04-FFA3-40DE-A64A-00019C5A8852}.Debug|x86.Build.0 = Debug|Any CPU
		{C3F92B04-FFA3-40DE-A64A-00019C5A8852}.Release|x64.ActiveCfg = Release|x64
		{C3F92B04-FFA3-40DE-A64A-00019C5A8852}.Release|x64.Build.0 = Release|x64
		{C3F92B04-FFA3-40DE-A64A-00019C5A8852}.Release|ARM64.ActiveCfg = Release|ARM64
		{C3F92B04-FFA3-40DE-A64A-00019C5A8852}.Release|ARM64.Build.0 = Release|ARM64
		{C3F92B04-FFA3-40DE-A64A-00019C5A8852}.Release|Any CPU.ActiveCfg = Release|Any CPU
		{C3F92B04-FFA3-40DE-A64A-00019C5A8852}.Release|Any CPU.Build.0 = Release|Any CPU
		{C3F92B04-FFA3-40DE-A64A-00019C5A8852}.Release|x86.ActiveCfg = Release|Any CPU
		{C3F92B04-FFA3-40DE-A64A-00019C5A8852}.Release|x86.Build.0 = Release|Any CPU
		{03BE40EC-2091-40B7-ABF5-20BE5D6311C9}.Debug|x64.ActiveCfg = Debug|x64
		{03BE40EC-2091-40B7-ABF5-20BE5D6311C9}.Debug|x64.Build.0 = Debug|x64
		{03BE40EC-2091-40B7-ABF5-20BE5D6311C9}.Debug|ARM64.ActiveCfg = Debug|ARM64
		{03BE40EC-2091-40B7-ABF5-20BE5D6311C9}.Debug|ARM64.Build.0 = Debug|ARM64
		{03BE40EC-2091-40B7-ABF5-20BE5D6311C9}.Debug|Any CPU.ActiveCfg = Debug|x64
		{03BE40EC-2091-40B7-ABF5-20BE5D6311C9}.Debug|Any CPU.Build.0 = Debug|x64
		{03BE40EC-2091-40B7-ABF5-20BE5D6311C9}.Debug|x86.ActiveCfg = Debug|x64
		{03BE40EC-2091-40B7-ABF5-20BE5D6311C9}.Debug|x86.Build.0 = Debug|x64
		{03BE40EC-2091-40B7-ABF5-20BE5D6311C9}.Release|x64.ActiveCfg = Release|x64
		{03BE40EC-2091-40B7-ABF5-20BE5D6311C9}.Release|x64.Build.0 = Release|x64
		{03BE40EC-2091-40B7-ABF5-20BE5D6311C9}.Release|ARM64.ActiveCfg = Release|ARM64
		{03BE40EC-2091-40B7-ABF5-20BE5D6311C9}.Release|ARM64.Build.0 = Release|ARM64
		{03BE40EC-2091-40B7-ABF5-20BE5D6311C9}.Release|Any CPU.ActiveCfg = Release|x64
		{03BE40EC-2091-40B7-ABF5-20BE5D6311C9}.Release|Any CPU.Build.0 = Release|x64
		{03BE40EC-2091-40B7-ABF5-20BE5D6311C9}.Release|x86.ActiveCfg = Release|x64
		{03BE40EC-2091-40B7-ABF5-20BE5D6311C9}.Release|x86.Build.0 = Release|x64
		{2219D4B4-BEBA-4C2F-BCC0-A3B86C35D6AC}.Debug|x64.ActiveCfg = Debug|x64
		{2219D4B4-BEBA-4C2F-BCC0-A3B86C35D6AC}.Debug|x64.Build.0 = Debug|x64
		{2219D4B4-BEBA-4C2F-BCC0-A3B86C35D6AC}.Debug|ARM64.ActiveCfg = Debug|ARM64
		{2219D4B4-BEBA-4C2F-BCC0-A3B86C35D6AC}.Debug|ARM64.Build.0 = Debug|ARM64
		{2219D4B4-BEBA-4C2F-BCC0-A3B86C35D6AC}.Debug|Any CPU.ActiveCfg = Debug|x64
		{2219D4B4-BEBA-4C2F-BCC0-A3B86C35D6AC}.Debug|Any CPU.Build.0 = Debug|x64
		{2219D4B4-BEBA-4C2F-BCC0-A3B86C35D6AC}.Debug|x86.ActiveCfg = Debug|x64
		{2219D4B4-BEBA-4C2F-BCC0-A3B86C35D6AC}.Debug|x86.Build.0 = Debug|x64
		{2219D4B4-BEBA-4C2F-BCC0-A3B86C35D6AC}.Release|x64.ActiveCfg = Release|x64
		{2219D4B4-BEBA-4C2F-BCC0-A3B86C35D6AC}.Release|x64.Build.0 = Release|x64
		{2219D4B4-BEBA-4C2F-BCC0-A3B86C35D6AC}.Release|ARM64.ActiveCfg = Release|ARM64
		{2219D4B4-BEBA-4C2F-BCC0-A3B86C35D6AC}.Release|ARM64.Build.0 = Release|ARM64
		{2219D4B4-BEBA-4C2F-BCC0-A3B86C35D6AC}.Release|Any CPU.ActiveCfg = Release|x64
		{2219D4B4-BEBA-4C2F-BCC0-A3B86C35D6AC}.Release|Any CPU.Build.0 = Release|x64
		{2219D4B4-BEBA-4C2F-BCC0-A3B86C35D6AC}.Release|x86.ActiveCfg = Release|x64
		{2219D4B4-BEBA-4C2F-BCC0-A3B86C35D6AC}.Release|x86.Build.0 = Release|x64
		{22005E54-69C5-4F80-8B33-0682C546B8B5}.Debug|x64.ActiveCfg = Debug|x64
		{22005E54-69C5-4F80-8B33-0682C546B8B5}.Debug|x64.Build.0 = Debug|x64
		{22005E54-69C5-4F80-8B33-0682C546B8B5}.Debug|ARM64.ActiveCfg = Debug|ARM64
		{22005E54-69C5-4F80-8B33-0682C546B8B5}.Debug|ARM64.Build.0 = Debug|ARM64
		{22005E54-69C5-4F80-8B33-0682C546B8B5}.Debug|Any CPU.ActiveCfg = Debug|x64
		{22005E54-69C5-4F80-8B33-0682C546B8B5}.Debug|Any CPU.Build.0 = Debug|x64
		{22005E54-69C5-4F80-8B33-0682C546B8B5}.Debug|x86.ActiveCfg = Debug|x64
		{22005E54-69C5-4F80-8B33-0682C546B8B5}.Debug|x86.Build.0 = Debug|x64
		{22005E54-69C5-4F80-8B33-0682C546B8B5}.Release|x64.ActiveCfg = Release|x64
		{22005E54-69C5-4F80-8B33-0682C546B8B5}.Release|x64.Build.0 = Release|x64
		{22005E54-69C5-4F80-8B33-0682C546B8B5}.Release|ARM64.ActiveCfg = Release|ARM64
		{22005E54-69C5-4F80-8B33-0682C546B8B5}.Release|ARM64.Build.0 = Release|ARM64
		{22005E54-69C5-4F80-8B33-0682C546B8B5}.Release|Any CPU.ActiveCfg = Release|x64
		{22005E54-69C5-4F80-8B33-0682C546B8B5}.Release|Any CPU.Build.0 = Release|x64
		{22005E54-69C5-4F80-8B33-0682C546B8B5}.Release|x86.ActiveCfg = Release|x64
		{22005E54-69C5-4F80-8B33-0682C546B8B5}.Release|x86.Build.0 = Release|x64
	EndGlobalSection
	GlobalSection(SolutionProperties) = preSolution
		HideSolutionNode = FALSE
	EndGlobalSection
	GlobalSection(ExtensibilityGlobals) = postSolution
		SolutionGuid = {609810BC-F3AE-4F4E-81F0-FD377F04734C}
	EndGlobalSection
EndGlobal
